github.com/Sirupsen/logrus v0.11.0 h1:e67CSCQN/h7Iozb0J2qUoCFldk79UIoPL8FbzsW0r0U=
github.com/Sirupsen/logrus v0.11.0/go.mod h1:rmk17hk6i8ZSAJkSDa7nOxamrG+SP4P0mm+DAvExv4U=
github.com/davecgh/go-spew v1.1.0/go.mod h1:J7Y8YcW2NihsgmVo/mv3lAwl/skON4iLHjSsI+c5H38=
github.com/davecgh/go-spew v1.1.1 h1:vj9j/u1bqnvCEfJOwUhtlOARqs3+rkHYY13jYWTU97c=
github.com/davecgh/go-spew v1.1.1/go.mod h1:J7Y8YcW2NihsgmVo/mv3lAwl/skON4iLHjSsI+c5H38=
github.com/dgrijalva/jwt-go v3.0.1-0.20170104182250-a601269ab70c+incompatible h1:CMT73tvGw+n1lX6Qq2x5QAMUC0gVE/mHRgDvWd43L88=
github.com/dgrijalva/jwt-go v3.0.1-0.20170104182250-a601269ab70c+incompatible/go.mod h1:E3ru+11k8xSBh+hMPgOLZmtrrCbhqsmaPHjLKYnJCaQ=
github.com/fsnotify/fsnotify v1.4.3-0.20161026203122-fd9ec7deca8b h1:bZQ3Z4jYxLufSFf7zo/cLJ/1WahBEMPCFsgcOjzAAzA=
github.com/fsnotify/fsnotify v1.4.3-0.20161026203122-fd9ec7deca8b/go.mod h1:jwhsz4b93w/PPRr/qN1Yymfu8t87LnFCMoQvtojpjFo=
github.com/google/uuid v0.0.0-20161128191214-064e2069ce9c h1:jWtZjFEUE/Bz0IeIhqCnyZ3HG6KRXSntXe4SjtuTH7c=
github.com/google/uuid v0.0.0-20161128191214-064e2069ce9c/go.mod h1:TIyPZe4MgqvfeYDBFedMoGGpEw/LqOeaOT+nhxU+yHo=
github.com/hashicorp/hcl v0.0.0-20170109002515-eb6f65b2d77e h1:nDwTWZTdqvbJx0HWjKIqhNCCVoBpMaG0vBu5AsOs8GE=
github.com/hashicorp/hcl v0.0.0-20170109002515-eb6f65b2d77e/go.mod h1:oZtUIOe8dh44I2q6ScRibXws4Ajl+d+nod3AaR9vL5w=
github.com/inconshreveable/mousetrap v1.0.0 h1:Z8tu5sraLXCXIcARxBp/8cbvlwVa7Z1NHg9XEKhtSvM=
github.com/inconshreveable/mousetrap v1.0.0/go.mod h1:PxqpIevigyE2G7u3NXJIT2ANytuPF1OarO4DADm73n8=
github.com/kr/pretty v0.2.1 h1:Fmg33tUaq4/8ym9TJN1x7sLJnHVwhP33CNkpYV/7rwI=
github.com/kr/pretty v0.2.1/go.mod h1:ipq/a2n7PKx3OHsz4KJII5eveXtPO4qwEXGdVfWzfnI=
github.com/kr/pty v1.1.1/go.mod h1:pFQYn66WHrOpPYNljwOMqo10TkYh1fy3cYio2l3bCsQ=
github.com/kr/text v0.1.0 h1:45sCR5RtlFHMR4UwH9sdQ5TC8v0qDQCHnXt+kaKSTVE=
github.com/kr/text v0.1.0/go.mod h1:4Jbv+DJW3UT/LiOwJeYQe1efqtUx/iVham/4vfdArNI=
github.com/labstack/echo v3.2.6+incompatible h1:28U/uXFFKBIP+VQIqq641LuYhMS7Br9ZlwEXERaohCc=
github.com/labstack/echo v3.2.6+incompatible/go.mod h1:0INS7j/VjnFxD4E2wkz67b8cVwCLbBmJyDaka6Cmk1s=
github.com/labstack/gommon v0.1.0 h1:8M8zN5f8sUWXU5mj0xAR+C+t0zjUKmkx5sXyih93zsc=
github.com/labstack/gommon v0.1.0/go.mod h1:/tj9csK2iPSBvn+3NLM9e52usepMtrd5ilFYA+wQNJ4=
github.com/magiconair/properties v1.7.2-0.20170113111004-b3b15ef068fd h1:FnhC1HaTuaJ+TUgU4HvwytTtca1bmnpXTbFR1yHSXbk=
github.com/magiconair/properties v1.7.2-0.20170113111004-b3b15ef068fd/go.mod h1:PppfXfuXeibc/6YijjN8zIbojt8czPbwD3XqdrwzmxQ=
github.com/mattn/go-colorable v0.0.7 h1:zh4kz16dcPG+l666m12h0+dO2HGnQ1ngy7crMErE2UU=
github.com/mattn/go-colorable v0.0.7/go.mod h1:9vuHe8Xs5qXnSaW/c/ABM9alt+Vo+STaOChaDxuIBZU=
github.com/mattn/go-isatty v0.0.1 h1:CUzGjDU3sTrdhXv9lYvVXq04SYzwkvgm46qjB0T7jGM=
github.com/mattn/go-isatty v0.0.1/go.mod h1:M+lRXTBqGeGNdLjl/ufCoiOlB5xdOkqRJdNxMWT7Zi4=
github.com/mgutz/ansi v0.0.0-20150914162238-c286dcecd19f h1:9RKjtkGo+3aNumDva3Gdia9GAYWSHhlh/QHEsTgBF6Y=
github.com/mgutz/ansi v0.0.0-20150914162238-c286dcecd19f/go.mod h1:01TrycV0kFyexm33Z7vhZRXopbI8J3TDReVlkTgMUxE=
github.com/michele/echo-requestid v0.0.1 h1:nFJruX6q7kcfshURdaBfwy5w4ICZwXtay/oxv2WIZw0=
github.com/michele/echo-requestid v0.0.1/go.mod h1:5XnJ3zJIN/hpY3VwAIZ83uJ6mYzkgPUU7M+K7wXrbrk=
github.com/mitchellh/mapstructure v0.0.0-20161211222315-bfdb1a85537d h1:/4fbtrvwbe2SNQsEFX9ZzXYsLiP17QJxXYXfzEYiDe8=
github.com/mitchellh/mapstructure v0.0.0-20161211222315-bfdb1a85537d/go.mod h1:FVVH3fgwuzCH5S8UJGiWEs2h04kUh9fWfEaFds41c1Y=
github.com/pelletier/go-buffruneio v0.1.0 h1:ig6N9Cg71k/P+UUbhwdOFtJWz+qa8/3by7AzMprMWBM=
github.com/pelletier/go-buffruneio v0.1.0/go.mod h1:JkE26KsDizTr40EUHkXVtNPvgGtbSNq5BcowyYOWdKo=
github.com/pelletier/go-toml v0.4.1-0.20170116024911-a1f048ba2449 h1:P/xdiYR+A2cHqJVqHHpuDE1G+ohc1g32Wm+5kL77xWI=
github.com/pelletier/go-toml v0.4.1-0.20170116024911-a1f048ba2449/go.mod h1:5z9KED0ma1S8pY6P1sdut58dfprrGBbd/94hg7ilaic=
github.com/pkg/errors v0.8.0 h1:WdK/asTD0HN+q6hsWO3/vpuAkAr+tw6aNJNDFFf0+qw=
github.com/pkg/errors v0.8.0/go.mod h1:bwawxfHBFNV+L2hUp1rHADufV3IMtnDRdf1r5NINEl0=
github.com/pmezard/go-difflib v1.0.0 h1:4DBwDE0NGyQoBHbLQYPwSUPoCMWR5BEzIk/f1lZbAQM=
github.com/pmezard/go-difflib v1.0.0/go.mod h1:iKH77koFhYxTK1pcRnkKkqfTogsbg7gZNVY4sRDYZ/4=
github.com/spf13/afero v0.0.0-20170109225320-72b31426848c h1:VVHW16mESk7X3XGrP5kfqhkCR3ZUoub3E/hzUZ0rCo8=
github.com/spf13/afero v0.0.0-20170109225320-72b31426848c/go.mod h1:j4pytiNVoe2o6bmDsKpLACNPDBIoEAkihy7loJ1B0CQ=
github.com/spf13/cast v0.0.0-20161225125648-56a7ecbeb18d h1:JeN/3mbMUQqaYRHZLZ8hfRp94BCg9aEgM6JYIlYdSVk=
github.com/spf13/cast v0.0.0-20161225125648-56a7ecbeb18d/go.mod h1:r2rcYCSwa1IExKTDiTfzaxqT2FNHs8hODu4LnUfgKEg=
github.com/spf13/cobra v0.0.0-20170130214531-35136c09d8da h1:mZiZ8sai4TSl3SSdeadmwgB+PyZxI9VSasO95RV7na8=
github.com/spf13/cobra v0.0.0-20170130214531-35136c09d8da/go.mod h1:1l0Ry5zgKvJasoi3XT1TypsSe7PqH0Sj9dhYf7v3XqQ=
github.com/spf13/jwalterweatherman v0.0.0-20170109133355-fa7ca7e836cf h1:F3R4gmObzwZfjwH3hCs9WIyyTPjL5yC/cfdsW5hORhI=
github.com/spf13/jwalterweatherman v0.0.0-20170109133355-fa7ca7e836cf/go.mod h1:cQK4TGJAtQXfYWX+Ddv3mKDzgVb68N+wFjFa4jdeBTo=
github.com/spf13/pflag v0.0.0-20170116012324-c4319750ecb5 h1:UuF22oWNoLwXVTAcU5m29n89uTtYtqTMX5ZX5gKeoGw=
github.com/spf13/pflag v0.0.0-20170116012324-c4319750ecb5/go.mod h1:DYY7MBk1bdzusC3SYhjObp+wFpr4gzcvqqNjLnInEg4=
github.com/spf13/viper v0.0.0-20161213093849-5ed0fc31f7f4 h1:bNX/r+R6eIb/3FXQda95HfnWbNL3B+h7tBVtoI8xSpc=
github.com/spf13/viper v0.0.0-20161213093849-5ed0fc31f7f4/go.mod h1:A8kyI5cUJhb8N+3pkfONlcEcZbueH6nhAm0Fq7SrnBM=
github.com/stretchr/objx v0.1.0/go.mod h1:HFkY916IF+rwdDfMAkV7OtwuqBVzrE8GR6GFx+wExME=
github.com/stretchr/objx v0.4.0/go.mod h1:YvHI0jy2hoMjB+UWwv71VJQ9isScKT/TqJzVSSt89Yw=
github.com/stretchr/testify v1.7.1/go.mod h1:6Fq8oRcR53rry900zMqJjRRixrwX3KX962/h/Wwjteg=
github.com/stretchr/testify v1.8.0 h1:pSgiaMZlXftHpm5L7V1+rVB+AZJydKsMxsQBIJw4PKk=
github.com/stretchr/testify v1.8.0/go.mod h1:yNjHg4UonilssWZ8iaSj1OCr/vHnekPRkoO+kdMU+MU=
github.com/valyala/bytebufferpool v1.0.0 h1:GqA5TC/0021Y/b9FG4Oi9Mr3q7XYx6KllzawFIhcdPw=
github.com/valyala/bytebufferpool v1.0.0/go.mod h1:6bBcMArwyJ5K/AmCkWv1jt77kVWyCJ6HpOuEn7z0Csc=
github.com/valyala/fasttemplate v0.0.0-20170112114534-d090d65668a2 h1:z1yD38YzrHz9NprAjxS3EFLsgecllz10nS84xj7mGU8=
github.com/valyala/fasttemplate v0.0.0-20170112114534-d090d65668a2/go.mod h1:50wTf68f99/Zt14pr046Tgt3Lp2vLyFZKzbFXTOabXw=
github.com/x-cray/logrus-prefixed-formatter v0.3.1 h1:jZQgJCBN4Yigi9Q649z5rjZmmG/UMjuCK2gYLMR9IX8=
github.com/x-cray/logrus-prefixed-formatter v0.3.1/go.mod h1:2duySbKsL6M18s5GU7VPsoEPHyzalCE06qoARUCeBBE=
golang.org/x/crypto v0.0.0-20170116130831-2e74c773682f h1:TFvMYoUTsIjdxh4HBmw6KR+kUIIsuaHTYmx6gSX3s1A=
golang.org/x/crypto v0.0.0-20170116130831-2e74c773682f/go.mod h1:6SG95UA2DQfeDnfUPMdvaQW0Q7yPrPDi9nlGo2tz2b4=
golang.org/x/net v0.0.0-20170114055629-f2499483f923 h1:cLl2p2++IYXqH4YzQ7uIc7QLOa4SU0x1vSy9Da++V94=
golang.org/x/net v0.0.0-20170114055629-f2499483f923/go.mod h1:mL1N/T3taQHkDXs73rZJwtUhF3w3ftmwwsq0BUmARs4=
golang.org/x/sys v0.0.0-20161214190518-d75a52659825 h1:4d9VvrP9mESHxCpAwE1G5e1D8Ybj9v7pX19HkGQV0lk=
golang.org/x/sys v0.0.0-20161214190518-d75a52659825/go.mod h1:STP8DvDyc/dI5b8T5hshtkjS+E42TnysNCUPdjciGhY=
golang.org/x/text v0.0.0-20170113092929-f72d8390a633 h1:gHNWugTxaTWniaOX4yTYX7IxH4tmNMWgslMQF+SbIpA=
golang.org/x/text v0.0.0-20170113092929-f72d8390a633/go.mod h1:NqM8EUOU14njkJ3fqMW+pc6Ldnwhi/IjpwHt7yyuwOQ=
gopkg.in/check.v1 v0.0.0-20161208181325-20d25e280405/go.mod h1:Co6ibVJAznAaIkqp8huTwlJQCZ016jof/cbN4VW5Yz0=
gopkg.in/check.v1 v1.0.0-20201130134442-10cb98267c6c h1:Hei/4ADfdWqJk1ZMxUNpqntNwaWcugrBjAiHlqqRiVk=
gopkg.in/check.v1 v1.0.0-20201130134442-10cb98267c6c/go.mod h1:JHkPIbrfpd72SG/EVd6muEfDQjcINNoR0C8j2r3qZ4Q=
gopkg.in/yaml.v2 v2.0.0-20160928153709-a5b47d31c556 h1:hKXbLW5oaJoQgs8KrzTLdF4PoHi+0oQPgea9TNtvE3E=
gopkg.in/yaml.v2 v2.0.0-20160928153709-a5b47d31c556/go.mod h1:JAlM8MvJe8wmxCU4Bli9HhUf9+ttbYbLASfIpnQbh74=
gopkg.in/yaml.v3 v3.0.0-20200313102051-9f266ea9e77c/go.mod h1:K4uyk7z7BCEPqu6E+C64Yfv1cQ7kz7rIZviUmN+EgEM=
gopkg.in/yaml.v3 v3.0.1 h1:fxVm/GzAzEWqLHuvctI91KS9hhNmmWOoWu0XTYJS7CA=
gopkg.in/yaml.v3 v3.0.1/go.mod h1:K4uyk7z7BCEPqu6E+C64Yfv1cQ7kz7rIZviUmN+EgEM=
